
Microsoft Visual Studio Solution File, Format Version 12.00
# Visual Studio 15
VisualStudioVersion = 15.0.28307.1622
MinimumVisualStudioVersion = 10.0.40219.1
Project("{FAE04EC0-301F-11D3-BF4B-00C04F79EFBC}") = "StrandedDeepTweaksMod", "StrandedDeepTweaksMod\StrandedDeepTweaksMod.csproj", "{233AE25B-C86B-494F-BAA1-9CF026C7A8BC}"
EndProject
Global
	GlobalSection(SolutionConfigurationPlatforms) = preSolution
		Debug|Any CPU = Debug|Any CPU
		Release|Any CPU = Release|Any CPU
	EndGlobalSection
	GlobalSection(ProjectConfigurationPlatforms) = postSolution
		{233AE25B-C86B-494F-BAA1-9CF026C7A8BC}.Debug|Any CPU.ActiveCfg = Debug|Any CPU
		{233AE25B-C86B-494F-BAA1-9CF026C7A8BC}.Debug|Any CPU.Build.0 = Debug|Any CPU
		{233AE25B-C86B-494F-BAA1-9CF026C7A8BC}.Release|Any CPU.ActiveCfg = Release|Any CPU
		{233AE25B-C86B-494F-BAA1-9CF026C7A8BC}.Release|Any CPU.Build.0 = Release|Any CPU
	EndGlobalSection
	GlobalSection(SolutionProperties) = preSolution
		HideSolutionNode = FALSE
	EndGlobalSection
	GlobalSection(ExtensibilityGlobals) = postSolution
		SolutionGuid = {B1E929D8-9DBB-45A3-A886-BF48478D70DF}
	EndGlobalSection
EndGlobal
